
Microsoft Visual Studio Solution File, Format Version 12.00
# Visual Studio 15
VisualStudioVersion = 15.0.27703.2000
MinimumVisualStudioVersion = 10.0.40219.1
Project("{FAE04EC0-301F-11D3-BF4B-00C04F79EFBC}") = "LancheWeb", "LancheWeb\LancheWeb.csproj", "{94E74EE1-8073-48A0-AC8A-9FA67C1C6EE9}"
EndProject
Project("{FAE04EC0-301F-11D3-BF4B-00C04F79EFBC}") = "LancheWeb.Tests", "LancheWeb.Tests\LancheWeb.Tests.csproj", "{1D66CF28-89FA-4402-8ACE-46BAF0498D33}"
EndProject
Global
	GlobalSection(SolutionConfigurationPlatforms) = preSolution
		Debug|Any CPU = Debug|Any CPU
		Release|Any CPU = Release|Any CPU
	EndGlobalSection
	GlobalSection(ProjectConfigurationPlatforms) = postSolution
		{94E74EE1-8073-48A0-AC8A-9FA67C1C6EE9}.Debug|Any CPU.ActiveCfg = Debug|Any CPU
		{94E74EE1-8073-48A0-AC8A-9FA67C1C6EE9}.Debug|Any CPU.Build.0 = Debug|Any CPU
		{94E74EE1-8073-48A0-AC8A-9FA67C1C6EE9}.Release|Any CPU.ActiveCfg = Release|Any CPU
		{94E74EE1-8073-48A0-AC8A-9FA67C1C6EE9}.Release|Any CPU.Build.0 = Release|Any CPU
		{1D66CF28-89FA-4402-8ACE-46BAF0498D33}.Debug|Any CPU.ActiveCfg = Debug|Any CPU
		{1D66CF28-89FA-4402-8ACE-46BAF0498D33}.Debug|Any CPU.Build.0 = Debug|Any CPU
		{1D66CF28-89FA-4402-8ACE-46BAF0498D33}.Release|Any CPU.ActiveCfg = Release|Any CPU
		{1D66CF28-89FA-4402-8ACE-46BAF0498D33}.Release|Any CPU.Build.0 = Release|Any CPU
	EndGlobalSection
	GlobalSection(SolutionProperties) = preSolution
		HideSolutionNode = FALSE
	EndGlobalSection
	GlobalSection(ExtensibilityGlobals) = postSolution
		SolutionGuid = {3F109D65-F3E7-48A8-9DCF-BA825D65F808}
	EndGlobalSection
EndGlobal
