
Microsoft Visual Studio Solution File, Format Version 12.00
# Visual Studio 15
VisualStudioVersion = 15.0.27703.2035
MinimumVisualStudioVersion = 10.0.40219.1
Project("{FAE04EC0-301F-11D3-BF4B-00C04F79EFBC}") = "LancheWeb", "LancheWeb\LancheWeb.csproj", "{43F50487-FB4F-46F6-A5D3-FADA0D51B79A}"
EndProject
Global
	GlobalSection(SolutionConfigurationPlatforms) = preSolution
		Debug|Any CPU = Debug|Any CPU
		Release|Any CPU = Release|Any CPU
	EndGlobalSection
	GlobalSection(ProjectConfigurationPlatforms) = postSolution
		{43F50487-FB4F-46F6-A5D3-FADA0D51B79A}.Debug|Any CPU.ActiveCfg = Debug|Any CPU
		{43F50487-FB4F-46F6-A5D3-FADA0D51B79A}.Debug|Any CPU.Build.0 = Debug|Any CPU
		{43F50487-FB4F-46F6-A5D3-FADA0D51B79A}.Release|Any CPU.ActiveCfg = Release|Any CPU
		{43F50487-FB4F-46F6-A5D3-FADA0D51B79A}.Release|Any CPU.Build.0 = Release|Any CPU
	EndGlobalSection
	GlobalSection(SolutionProperties) = preSolution
		HideSolutionNode = FALSE
	EndGlobalSection
	GlobalSection(ExtensibilityGlobals) = postSolution
		SolutionGuid = {002131F5-DA62-4403-8EE2-F0437D973A0D}
	EndGlobalSection
EndGlobal
